
Microsoft Visual Studio Solution File, Format Version 12.00
# Visual Studio 15
VisualStudioVersion = 15.0.26730.16
MinimumVisualStudioVersion = 10.0.40219.1
Project("{2150E333-8FDC-42A3-9474-1A3956D46DE8}") = "Solution Items", "Solution Items", "{4EBE293A-DB89-45B9-ACA9-7405D67F5D80}"
	ProjectSection(SolutionItems) = preProject
		LocalTestRun.testrunconfig = LocalTestRun.testrunconfig
		Mage.vsmdi = Mage.vsmdi
		Performance1.psess = Performance1.psess
	EndProjectSection
EndProject
Project("{FAE04EC0-301F-11D3-BF4B-00C04F79EFBC}") = "Mage", "Mage\Mage.csproj", "{F6A69A88-0B7A-459F-83AB-9DA0560F9949}"
EndProject
Project("{FAE04EC0-301F-11D3-BF4B-00C04F79EFBC}") = "MageDisplayLib", "MageDisplayLib\MageDisplayLib.csproj", "{367DBD6A-E07A-42F5-BBD6-A425C4907F9D}"
EndProject
Project("{FAE04EC0-301F-11D3-BF4B-00C04F79EFBC}") = "MageUIComponents", "MageUIComponents\MageUIComponents.csproj", "{EDB6F464-3FA4-4919-9851-D7521D42B27A}"
EndProject
Project("{FAE04EC0-301F-11D3-BF4B-00C04F79EFBC}") = "MageFileProcessor", "MageFileProcessor\MageFileProcessor.csproj", "{3013A91F-DB6A-4A4D-9B77-3EC149CDCFAC}"
EndProject
Project("{FAE04EC0-301F-11D3-BF4B-00C04F79EFBC}") = "MageExtContentFilters", "MageExtContentFilters\MageExtContentFilters.csproj", "{2AC22986-CA22-49A5-92F4-E0DB9F78180B}"
EndProject
Project("{FAE04EC0-301F-11D3-BF4B-00C04F79EFBC}") = "MageUnitTests", "MageUnitTests\MageUnitTests.csproj", "{0B65E7F8-1121-4943-ACEC-2C140A4AB337}"
EndProject
Project("{FAE04EC0-301F-11D3-BF4B-00C04F79EFBC}") = "MageUnitTestsForFileProcessor", "MageUnitTestsForFileProcessor\MageUnitTestsForFileProcessor.csproj", "{BC518677-B610-44A2-A795-DFAC487B271B}"
EndProject
Project("{FAE04EC0-301F-11D3-BF4B-00C04F79EFBC}") = "MageMetadataProcessor", "MageMetadataProcessor\MageMetadataProcessor.csproj", "{DB6409E4-2294-4136-94A9-F4F881DC19C2}"
EndProject
Project("{FAE04EC0-301F-11D3-BF4B-00C04F79EFBC}") = "Ranger", "Ranger\Ranger.csproj", "{29B0AEBC-47F6-48ED-A152-B508E9B0DC25}"
EndProject
Project("{FAE04EC0-301F-11D3-BF4B-00C04F79EFBC}") = "MageExtractor", "MageExtractor\MageExtractor.csproj", "{B42AAFFE-DFB0-466B-A21C-F809CCAE57BF}"
EndProject
Project("{FAE04EC0-301F-11D3-BF4B-00C04F79EFBC}") = "MageExtExtractionFilters", "MageExtExtractionFilters\MageExtExtractionFilters.csproj", "{D33F4C40-4E04-40CC-BE8A-E7E2C5681F8B}"
EndProject
Project("{FAE04EC0-301F-11D3-BF4B-00C04F79EFBC}") = "MageExtractorTest", "MageExtractorTest\MageExtractorTest.csproj", "{A57489F0-ECB0-40B2-8947-4203E7E42AC0}"
EndProject
Project("{FAE04EC0-301F-11D3-BF4B-00C04F79EFBC}") = "RangerLib", "RangerLib\RangerLib.csproj", "{744D0B8A-6A3A-48A1-A492-5AAD205ED419}"
EndProject
Project("{FAE04EC0-301F-11D3-BF4B-00C04F79EFBC}") = "MageFilePackager", "MageFilePackager\MageFilePackager.csproj", "{B99E2215-0366-4CC5-866E-675867FF38E7}"
EndProject
Project("{FAE04EC0-301F-11D3-BF4B-00C04F79EFBC}") = "MageConcatenator", "MageConcatenator\MageConcatenator.csproj", "{4F7F8260-6369-4968-B076-F4C98834181B}"
EndProject
Project("{FAE04EC0-301F-11D3-BF4B-00C04F79EFBC}") = "BiodiversityFileCopy", "BiodiversityFileCopy\BiodiversityFileCopy.csproj", "{C6518410-ED5F-4F61-AD92-BE1DE3C88294}"
EndProject
Global
	GlobalSection(SolutionConfigurationPlatforms) = preSolution
		Debug|Any CPU = Debug|Any CPU
		Debug|Mixed Platforms = Debug|Mixed Platforms
		Debug|x64 = Debug|x64
		Debug|x86 = Debug|x86
		Release|Any CPU = Release|Any CPU
		Release|Mixed Platforms = Release|Mixed Platforms
		Release|x64 = Release|x64
		Release|x86 = Release|x86
	EndGlobalSection
	GlobalSection(ProjectConfigurationPlatforms) = postSolution
		{F6A69A88-0B7A-459F-83AB-9DA0560F9949}.Debug|Any CPU.ActiveCfg = Debug|Any CPU
		{F6A69A88-0B7A-459F-83AB-9DA0560F9949}.Debug|Any CPU.Build.0 = Debug|Any CPU
		{F6A69A88-0B7A-459F-83AB-9DA0560F9949}.Debug|Mixed Platforms.ActiveCfg = Debug|x86
		{F6A69A88-0B7A-459F-83AB-9DA0560F9949}.Debug|Mixed Platforms.Build.0 = Debug|x86
		{F6A69A88-0B7A-459F-83AB-9DA0560F9949}.Debug|x64.ActiveCfg = Debug|x64
		{F6A69A88-0B7A-459F-83AB-9DA0560F9949}.Debug|x64.Build.0 = Debug|x64
		{F6A69A88-0B7A-459F-83AB-9DA0560F9949}.Debug|x86.ActiveCfg = Debug|x86
		{F6A69A88-0B7A-459F-83AB-9DA0560F9949}.Debug|x86.Build.0 = Debug|x86
		{F6A69A88-0B7A-459F-83AB-9DA0560F9949}.Release|Any CPU.ActiveCfg = Release|Any CPU
		{F6A69A88-0B7A-459F-83AB-9DA0560F9949}.Release|Any CPU.Build.0 = Release|Any CPU
		{F6A69A88-0B7A-459F-83AB-9DA0560F9949}.Release|Mixed Platforms.ActiveCfg = Release|x86
		{F6A69A88-0B7A-459F-83AB-9DA0560F9949}.Release|Mixed Platforms.Build.0 = Release|x86
		{F6A69A88-0B7A-459F-83AB-9DA0560F9949}.Release|x64.ActiveCfg = Release|x64
		{F6A69A88-0B7A-459F-83AB-9DA0560F9949}.Release|x64.Build.0 = Release|x64
		{F6A69A88-0B7A-459F-83AB-9DA0560F9949}.Release|x86.ActiveCfg = Release|x86
		{F6A69A88-0B7A-459F-83AB-9DA0560F9949}.Release|x86.Build.0 = Release|x86
		{367DBD6A-E07A-42F5-BBD6-A425C4907F9D}.Debug|Any CPU.ActiveCfg = Debug|Any CPU
		{367DBD6A-E07A-42F5-BBD6-A425C4907F9D}.Debug|Any CPU.Build.0 = Debug|Any CPU
		{367DBD6A-E07A-42F5-BBD6-A425C4907F9D}.Debug|Mixed Platforms.ActiveCfg = Debug|x86
		{367DBD6A-E07A-42F5-BBD6-A425C4907F9D}.Debug|Mixed Platforms.Build.0 = Debug|x86
		{367DBD6A-E07A-42F5-BBD6-A425C4907F9D}.Debug|x64.ActiveCfg = Debug|x64
		{367DBD6A-E07A-42F5-BBD6-A425C4907F9D}.Debug|x64.Build.0 = Debug|x64
		{367DBD6A-E07A-42F5-BBD6-A425C4907F9D}.Debug|x86.ActiveCfg = Debug|x86
		{367DBD6A-E07A-42F5-BBD6-A425C4907F9D}.Debug|x86.Build.0 = Debug|x86
		{367DBD6A-E07A-42F5-BBD6-A425C4907F9D}.Release|Any CPU.ActiveCfg = Release|Any CPU
		{367DBD6A-E07A-42F5-BBD6-A425C4907F9D}.Release|Any CPU.Build.0 = Release|Any CPU
		{367DBD6A-E07A-42F5-BBD6-A425C4907F9D}.Release|Mixed Platforms.ActiveCfg = Release|x86
		{367DBD6A-E07A-42F5-BBD6-A425C4907F9D}.Release|Mixed Platforms.Build.0 = Release|x86
		{367DBD6A-E07A-42F5-BBD6-A425C4907F9D}.Release|x64.ActiveCfg = Release|x64
		{367DBD6A-E07A-42F5-BBD6-A425C4907F9D}.Release|x64.Build.0 = Release|x64
		{367DBD6A-E07A-42F5-BBD6-A425C4907F9D}.Release|x86.ActiveCfg = Release|x86
		{367DBD6A-E07A-42F5-BBD6-A425C4907F9D}.Release|x86.Build.0 = Release|x86
		{EDB6F464-3FA4-4919-9851-D7521D42B27A}.Debug|Any CPU.ActiveCfg = Debug|Any CPU
		{EDB6F464-3FA4-4919-9851-D7521D42B27A}.Debug|Any CPU.Build.0 = Debug|Any CPU
		{EDB6F464-3FA4-4919-9851-D7521D42B27A}.Debug|Mixed Platforms.ActiveCfg = Debug|x86
		{EDB6F464-3FA4-4919-9851-D7521D42B27A}.Debug|Mixed Platforms.Build.0 = Debug|x86
		{EDB6F464-3FA4-4919-9851-D7521D42B27A}.Debug|x64.ActiveCfg = Debug|x64
		{EDB6F464-3FA4-4919-9851-D7521D42B27A}.Debug|x64.Build.0 = Debug|x64
		{EDB6F464-3FA4-4919-9851-D7521D42B27A}.Debug|x86.ActiveCfg = Debug|x86
		{EDB6F464-3FA4-4919-9851-D7521D42B27A}.Debug|x86.Build.0 = Debug|x86
		{EDB6F464-3FA4-4919-9851-D7521D42B27A}.Release|Any CPU.ActiveCfg = Release|Any CPU
		{EDB6F464-3FA4-4919-9851-D7521D42B27A}.Release|Any CPU.Build.0 = Release|Any CPU
		{EDB6F464-3FA4-4919-9851-D7521D42B27A}.Release|Mixed Platforms.ActiveCfg = Release|x86
		{EDB6F464-3FA4-4919-9851-D7521D42B27A}.Release|Mixed Platforms.Build.0 = Release|x86
		{EDB6F464-3FA4-4919-9851-D7521D42B27A}.Release|x64.ActiveCfg = Release|x64
		{EDB6F464-3FA4-4919-9851-D7521D42B27A}.Release|x64.Build.0 = Release|x64
		{EDB6F464-3FA4-4919-9851-D7521D42B27A}.Release|x86.ActiveCfg = Release|x86
		{EDB6F464-3FA4-4919-9851-D7521D42B27A}.Release|x86.Build.0 = Release|x86
		{3013A91F-DB6A-4A4D-9B77-3EC149CDCFAC}.Debug|Any CPU.ActiveCfg = Debug|Any CPU
		{3013A91F-DB6A-4A4D-9B77-3EC149CDCFAC}.Debug|Any CPU.Build.0 = Debug|Any CPU
		{3013A91F-DB6A-4A4D-9B77-3EC149CDCFAC}.Debug|Mixed Platforms.ActiveCfg = Debug|x86
		{3013A91F-DB6A-4A4D-9B77-3EC149CDCFAC}.Debug|Mixed Platforms.Build.0 = Debug|x86
		{3013A91F-DB6A-4A4D-9B77-3EC149CDCFAC}.Debug|x64.ActiveCfg = Debug|x64
		{3013A91F-DB6A-4A4D-9B77-3EC149CDCFAC}.Debug|x64.Build.0 = Debug|x64
		{3013A91F-DB6A-4A4D-9B77-3EC149CDCFAC}.Debug|x86.ActiveCfg = Debug|x86
		{3013A91F-DB6A-4A4D-9B77-3EC149CDCFAC}.Debug|x86.Build.0 = Debug|x86
		{3013A91F-DB6A-4A4D-9B77-3EC149CDCFAC}.Release|Any CPU.ActiveCfg = Release|Any CPU
		{3013A91F-DB6A-4A4D-9B77-3EC149CDCFAC}.Release|Any CPU.Build.0 = Release|Any CPU
		{3013A91F-DB6A-4A4D-9B77-3EC149CDCFAC}.Release|Mixed Platforms.ActiveCfg = Release|x86
		{3013A91F-DB6A-4A4D-9B77-3EC149CDCFAC}.Release|Mixed Platforms.Build.0 = Release|x86
		{3013A91F-DB6A-4A4D-9B77-3EC149CDCFAC}.Release|x64.ActiveCfg = Release|x64
		{3013A91F-DB6A-4A4D-9B77-3EC149CDCFAC}.Release|x64.Build.0 = Release|x64
		{3013A91F-DB6A-4A4D-9B77-3EC149CDCFAC}.Release|x86.ActiveCfg = Release|x86
		{3013A91F-DB6A-4A4D-9B77-3EC149CDCFAC}.Release|x86.Build.0 = Release|x86
		{2AC22986-CA22-49A5-92F4-E0DB9F78180B}.Debug|Any CPU.ActiveCfg = Debug|Any CPU
		{2AC22986-CA22-49A5-92F4-E0DB9F78180B}.Debug|Any CPU.Build.0 = Debug|Any CPU
		{2AC22986-CA22-49A5-92F4-E0DB9F78180B}.Debug|Mixed Platforms.ActiveCfg = Debug|x86
		{2AC22986-CA22-49A5-92F4-E0DB9F78180B}.Debug|Mixed Platforms.Build.0 = Debug|x86
		{2AC22986-CA22-49A5-92F4-E0DB9F78180B}.Debug|x64.ActiveCfg = Debug|x64
		{2AC22986-CA22-49A5-92F4-E0DB9F78180B}.Debug|x64.Build.0 = Debug|x64
		{2AC22986-CA22-49A5-92F4-E0DB9F78180B}.Debug|x86.ActiveCfg = Debug|x86
		{2AC22986-CA22-49A5-92F4-E0DB9F78180B}.Debug|x86.Build.0 = Debug|x86
		{2AC22986-CA22-49A5-92F4-E0DB9F78180B}.Release|Any CPU.ActiveCfg = Release|Any CPU
		{2AC22986-CA22-49A5-92F4-E0DB9F78180B}.Release|Any CPU.Build.0 = Release|Any CPU
		{2AC22986-CA22-49A5-92F4-E0DB9F78180B}.Release|Mixed Platforms.ActiveCfg = Release|x86
		{2AC22986-CA22-49A5-92F4-E0DB9F78180B}.Release|Mixed Platforms.Build.0 = Release|x86
		{2AC22986-CA22-49A5-92F4-E0DB9F78180B}.Release|x64.ActiveCfg = Release|x64
		{2AC22986-CA22-49A5-92F4-E0DB9F78180B}.Release|x64.Build.0 = Release|x64
		{2AC22986-CA22-49A5-92F4-E0DB9F78180B}.Release|x86.ActiveCfg = Release|x86
		{2AC22986-CA22-49A5-92F4-E0DB9F78180B}.Release|x86.Build.0 = Release|x86
		{0B65E7F8-1121-4943-ACEC-2C140A4AB337}.Debug|Any CPU.ActiveCfg = Debug|Any CPU
		{0B65E7F8-1121-4943-ACEC-2C140A4AB337}.Debug|Any CPU.Build.0 = Debug|Any CPU
		{0B65E7F8-1121-4943-ACEC-2C140A4AB337}.Debug|Mixed Platforms.ActiveCfg = Debug|x86
		{0B65E7F8-1121-4943-ACEC-2C140A4AB337}.Debug|Mixed Platforms.Build.0 = Debug|x86
		{0B65E7F8-1121-4943-ACEC-2C140A4AB337}.Debug|x64.ActiveCfg = Debug|x64
		{0B65E7F8-1121-4943-ACEC-2C140A4AB337}.Debug|x86.ActiveCfg = Debug|x86
		{0B65E7F8-1121-4943-ACEC-2C140A4AB337}.Release|Any CPU.ActiveCfg = Release|Any CPU
		{0B65E7F8-1121-4943-ACEC-2C140A4AB337}.Release|Any CPU.Build.0 = Release|Any CPU
		{0B65E7F8-1121-4943-ACEC-2C140A4AB337}.Release|Mixed Platforms.ActiveCfg = Release|x86
		{0B65E7F8-1121-4943-ACEC-2C140A4AB337}.Release|Mixed Platforms.Build.0 = Release|x86
		{0B65E7F8-1121-4943-ACEC-2C140A4AB337}.Release|x64.ActiveCfg = Release|x64
		{0B65E7F8-1121-4943-ACEC-2C140A4AB337}.Release|x64.Build.0 = Release|x64
		{0B65E7F8-1121-4943-ACEC-2C140A4AB337}.Release|x86.ActiveCfg = Release|x86
		{0B65E7F8-1121-4943-ACEC-2C140A4AB337}.Release|x86.Build.0 = Release|x86
		{BC518677-B610-44A2-A795-DFAC487B271B}.Debug|Any CPU.ActiveCfg = Debug|Any CPU
		{BC518677-B610-44A2-A795-DFAC487B271B}.Debug|Any CPU.Build.0 = Debug|Any CPU
		{BC518677-B610-44A2-A795-DFAC487B271B}.Debug|Mixed Platforms.ActiveCfg = Debug|x86
		{BC518677-B610-44A2-A795-DFAC487B271B}.Debug|Mixed Platforms.Build.0 = Debug|x86
		{BC518677-B610-44A2-A795-DFAC487B271B}.Debug|x64.ActiveCfg = Debug|x64
		{BC518677-B610-44A2-A795-DFAC487B271B}.Debug|x86.ActiveCfg = Debug|x86
		{BC518677-B610-44A2-A795-DFAC487B271B}.Release|Any CPU.ActiveCfg = Release|Any CPU
		{BC518677-B610-44A2-A795-DFAC487B271B}.Release|Any CPU.Build.0 = Release|Any CPU
		{BC518677-B610-44A2-A795-DFAC487B271B}.Release|Mixed Platforms.ActiveCfg = Release|x86
		{BC518677-B610-44A2-A795-DFAC487B271B}.Release|Mixed Platforms.Build.0 = Release|x86
		{BC518677-B610-44A2-A795-DFAC487B271B}.Release|x64.ActiveCfg = Release|x64
		{BC518677-B610-44A2-A795-DFAC487B271B}.Release|x86.ActiveCfg = Release|x86
		{DB6409E4-2294-4136-94A9-F4F881DC19C2}.Debug|Any CPU.ActiveCfg = Debug|Any CPU
		{DB6409E4-2294-4136-94A9-F4F881DC19C2}.Debug|Any CPU.Build.0 = Debug|Any CPU
		{DB6409E4-2294-4136-94A9-F4F881DC19C2}.Debug|Mixed Platforms.ActiveCfg = Debug|x86
		{DB6409E4-2294-4136-94A9-F4F881DC19C2}.Debug|Mixed Platforms.Build.0 = Debug|x86
		{DB6409E4-2294-4136-94A9-F4F881DC19C2}.Debug|x64.ActiveCfg = Debug|x64
		{DB6409E4-2294-4136-94A9-F4F881DC19C2}.Debug|x64.Build.0 = Debug|x64
		{DB6409E4-2294-4136-94A9-F4F881DC19C2}.Debug|x86.ActiveCfg = Debug|x86
		{DB6409E4-2294-4136-94A9-F4F881DC19C2}.Debug|x86.Build.0 = Debug|x86
		{DB6409E4-2294-4136-94A9-F4F881DC19C2}.Release|Any CPU.ActiveCfg = Release|Any CPU
		{DB6409E4-2294-4136-94A9-F4F881DC19C2}.Release|Any CPU.Build.0 = Release|Any CPU
		{DB6409E4-2294-4136-94A9-F4F881DC19C2}.Release|Mixed Platforms.ActiveCfg = Release|x86
		{DB6409E4-2294-4136-94A9-F4F881DC19C2}.Release|Mixed Platforms.Build.0 = Release|x86
		{DB6409E4-2294-4136-94A9-F4F881DC19C2}.Release|x64.ActiveCfg = Release|x64
		{DB6409E4-2294-4136-94A9-F4F881DC19C2}.Release|x64.Build.0 = Release|x64
		{DB6409E4-2294-4136-94A9-F4F881DC19C2}.Release|x86.ActiveCfg = Release|x86
		{DB6409E4-2294-4136-94A9-F4F881DC19C2}.Release|x86.Build.0 = Release|x86
		{29B0AEBC-47F6-48ED-A152-B508E9B0DC25}.Debug|Any CPU.ActiveCfg = Debug|Any CPU
		{29B0AEBC-47F6-48ED-A152-B508E9B0DC25}.Debug|Any CPU.Build.0 = Debug|Any CPU
		{29B0AEBC-47F6-48ED-A152-B508E9B0DC25}.Debug|Mixed Platforms.ActiveCfg = Debug|x86
		{29B0AEBC-47F6-48ED-A152-B508E9B0DC25}.Debug|Mixed Platforms.Build.0 = Debug|x86
		{29B0AEBC-47F6-48ED-A152-B508E9B0DC25}.Debug|x64.ActiveCfg = Debug|x64
		{29B0AEBC-47F6-48ED-A152-B508E9B0DC25}.Debug|x64.Build.0 = Debug|x64
		{29B0AEBC-47F6-48ED-A152-B508E9B0DC25}.Debug|x86.ActiveCfg = Debug|x86
		{29B0AEBC-47F6-48ED-A152-B508E9B0DC25}.Debug|x86.Build.0 = Debug|x86
		{29B0AEBC-47F6-48ED-A152-B508E9B0DC25}.Release|Any CPU.ActiveCfg = Release|Any CPU
		{29B0AEBC-47F6-48ED-A152-B508E9B0DC25}.Release|Any CPU.Build.0 = Release|Any CPU
		{29B0AEBC-47F6-48ED-A152-B508E9B0DC25}.Release|Mixed Platforms.ActiveCfg = Release|x86
		{29B0AEBC-47F6-48ED-A152-B508E9B0DC25}.Release|Mixed Platforms.Build.0 = Release|x86
		{29B0AEBC-47F6-48ED-A152-B508E9B0DC25}.Release|x64.ActiveCfg = Release|x64
		{29B0AEBC-47F6-48ED-A152-B508E9B0DC25}.Release|x64.Build.0 = Release|x64
		{29B0AEBC-47F6-48ED-A152-B508E9B0DC25}.Release|x86.ActiveCfg = Release|x86
		{29B0AEBC-47F6-48ED-A152-B508E9B0DC25}.Release|x86.Build.0 = Release|x86
		{B42AAFFE-DFB0-466B-A21C-F809CCAE57BF}.Debug|Any CPU.ActiveCfg = Debug|Any CPU
		{B42AAFFE-DFB0-466B-A21C-F809CCAE57BF}.Debug|Any CPU.Build.0 = Debug|Any CPU
		{B42AAFFE-DFB0-466B-A21C-F809CCAE57BF}.Debug|Mixed Platforms.ActiveCfg = Debug|x86
		{B42AAFFE-DFB0-466B-A21C-F809CCAE57BF}.Debug|Mixed Platforms.Build.0 = Debug|x86
		{B42AAFFE-DFB0-466B-A21C-F809CCAE57BF}.Debug|x64.ActiveCfg = Debug|x64
		{B42AAFFE-DFB0-466B-A21C-F809CCAE57BF}.Debug|x64.Build.0 = Debug|x64
		{B42AAFFE-DFB0-466B-A21C-F809CCAE57BF}.Debug|x86.ActiveCfg = Debug|x86
		{B42AAFFE-DFB0-466B-A21C-F809CCAE57BF}.Debug|x86.Build.0 = Debug|x86
		{B42AAFFE-DFB0-466B-A21C-F809CCAE57BF}.Release|Any CPU.ActiveCfg = Release|Any CPU
		{B42AAFFE-DFB0-466B-A21C-F809CCAE57BF}.Release|Any CPU.Build.0 = Release|Any CPU
		{B42AAFFE-DFB0-466B-A21C-F809CCAE57BF}.Release|Mixed Platforms.ActiveCfg = Release|x86
		{B42AAFFE-DFB0-466B-A21C-F809CCAE57BF}.Release|Mixed Platforms.Build.0 = Release|x86
		{B42AAFFE-DFB0-466B-A21C-F809CCAE57BF}.Release|x64.ActiveCfg = Release|x64
		{B42AAFFE-DFB0-466B-A21C-F809CCAE57BF}.Release|x64.Build.0 = Release|x64
		{B42AAFFE-DFB0-466B-A21C-F809CCAE57BF}.Release|x86.ActiveCfg = Release|x86
		{B42AAFFE-DFB0-466B-A21C-F809CCAE57BF}.Release|x86.Build.0 = Release|x86
		{D33F4C40-4E04-40CC-BE8A-E7E2C5681F8B}.Debug|Any CPU.ActiveCfg = Debug|Any CPU
		{D33F4C40-4E04-40CC-BE8A-E7E2C5681F8B}.Debug|Any CPU.Build.0 = Debug|Any CPU
		{D33F4C40-4E04-40CC-BE8A-E7E2C5681F8B}.Debug|Mixed Platforms.ActiveCfg = Debug|x86
		{D33F4C40-4E04-40CC-BE8A-E7E2C5681F8B}.Debug|Mixed Platforms.Build.0 = Debug|x86
		{D33F4C40-4E04-40CC-BE8A-E7E2C5681F8B}.Debug|x64.ActiveCfg = Debug|x64
		{D33F4C40-4E04-40CC-BE8A-E7E2C5681F8B}.Debug|x64.Build.0 = Debug|x64
		{D33F4C40-4E04-40CC-BE8A-E7E2C5681F8B}.Debug|x86.ActiveCfg = Debug|x86
		{D33F4C40-4E04-40CC-BE8A-E7E2C5681F8B}.Debug|x86.Build.0 = Debug|x86
		{D33F4C40-4E04-40CC-BE8A-E7E2C5681F8B}.Release|Any CPU.ActiveCfg = Release|Any CPU
		{D33F4C40-4E04-40CC-BE8A-E7E2C5681F8B}.Release|Any CPU.Build.0 = Release|Any CPU
		{D33F4C40-4E04-40CC-BE8A-E7E2C5681F8B}.Release|Mixed Platforms.ActiveCfg = Release|x86
		{D33F4C40-4E04-40CC-BE8A-E7E2C5681F8B}.Release|Mixed Platforms.Build.0 = Release|x86
		{D33F4C40-4E04-40CC-BE8A-E7E2C5681F8B}.Release|x64.ActiveCfg = Release|x64
		{D33F4C40-4E04-40CC-BE8A-E7E2C5681F8B}.Release|x64.Build.0 = Release|x64
		{D33F4C40-4E04-40CC-BE8A-E7E2C5681F8B}.Release|x86.ActiveCfg = Release|x86
		{D33F4C40-4E04-40CC-BE8A-E7E2C5681F8B}.Release|x86.Build.0 = Release|x86
		{A57489F0-ECB0-40B2-8947-4203E7E42AC0}.Debug|Any CPU.ActiveCfg = Debug|Any CPU
		{A57489F0-ECB0-40B2-8947-4203E7E42AC0}.Debug|Any CPU.Build.0 = Debug|Any CPU
		{A57489F0-ECB0-40B2-8947-4203E7E42AC0}.Debug|Mixed Platforms.ActiveCfg = Debug|x86
		{A57489F0-ECB0-40B2-8947-4203E7E42AC0}.Debug|Mixed Platforms.Build.0 = Debug|x86
		{A57489F0-ECB0-40B2-8947-4203E7E42AC0}.Debug|x64.ActiveCfg = Debug|x64
		{A57489F0-ECB0-40B2-8947-4203E7E42AC0}.Debug|x86.ActiveCfg = Debug|x86
		{A57489F0-ECB0-40B2-8947-4203E7E42AC0}.Release|Any CPU.ActiveCfg = Release|Any CPU
		{A57489F0-ECB0-40B2-8947-4203E7E42AC0}.Release|Any CPU.Build.0 = Release|Any CPU
		{A57489F0-ECB0-40B2-8947-4203E7E42AC0}.Release|Mixed Platforms.ActiveCfg = Release|x86
		{A57489F0-ECB0-40B2-8947-4203E7E42AC0}.Release|Mixed Platforms.Build.0 = Release|x86
		{A57489F0-ECB0-40B2-8947-4203E7E42AC0}.Release|x64.ActiveCfg = Release|x64
		{A57489F0-ECB0-40B2-8947-4203E7E42AC0}.Release|x86.ActiveCfg = Release|x86
		{744D0B8A-6A3A-48A1-A492-5AAD205ED419}.Debug|Any CPU.ActiveCfg = Debug|Any CPU
		{744D0B8A-6A3A-48A1-A492-5AAD205ED419}.Debug|Any CPU.Build.0 = Debug|Any CPU
		{744D0B8A-6A3A-48A1-A492-5AAD205ED419}.Debug|Mixed Platforms.ActiveCfg = Debug|x86
		{744D0B8A-6A3A-48A1-A492-5AAD205ED419}.Debug|Mixed Platforms.Build.0 = Debug|x86
		{744D0B8A-6A3A-48A1-A492-5AAD205ED419}.Debug|x64.ActiveCfg = Debug|x64
		{744D0B8A-6A3A-48A1-A492-5AAD205ED419}.Debug|x64.Build.0 = Debug|x64
		{744D0B8A-6A3A-48A1-A492-5AAD205ED419}.Debug|x86.ActiveCfg = Debug|x86
		{744D0B8A-6A3A-48A1-A492-5AAD205ED419}.Debug|x86.Build.0 = Debug|x86
		{744D0B8A-6A3A-48A1-A492-5AAD205ED419}.Release|Any CPU.ActiveCfg = Release|Any CPU
		{744D0B8A-6A3A-48A1-A492-5AAD205ED419}.Release|Any CPU.Build.0 = Release|Any CPU
		{744D0B8A-6A3A-48A1-A492-5AAD205ED419}.Release|Mixed Platforms.ActiveCfg = Release|x86
		{744D0B8A-6A3A-48A1-A492-5AAD205ED419}.Release|Mixed Platforms.Build.0 = Release|x86
		{744D0B8A-6A3A-48A1-A492-5AAD205ED419}.Release|x64.ActiveCfg = Release|x64
		{744D0B8A-6A3A-48A1-A492-5AAD205ED419}.Release|x64.Build.0 = Release|x64
		{744D0B8A-6A3A-48A1-A492-5AAD205ED419}.Release|x86.ActiveCfg = Release|x86
		{744D0B8A-6A3A-48A1-A492-5AAD205ED419}.Release|x86.Build.0 = Release|x86
		{B99E2215-0366-4CC5-866E-675867FF38E7}.Debug|Any CPU.ActiveCfg = Debug|Any CPU
		{B99E2215-0366-4CC5-866E-675867FF38E7}.Debug|Any CPU.Build.0 = Debug|Any CPU
		{B99E2215-0366-4CC5-866E-675867FF38E7}.Debug|Mixed Platforms.ActiveCfg = Debug|x86
		{B99E2215-0366-4CC5-866E-675867FF38E7}.Debug|Mixed Platforms.Build.0 = Debug|x86
		{B99E2215-0366-4CC5-866E-675867FF38E7}.Debug|x64.ActiveCfg = Debug|x64
		{B99E2215-0366-4CC5-866E-675867FF38E7}.Debug|x64.Build.0 = Debug|x64
		{B99E2215-0366-4CC5-866E-675867FF38E7}.Debug|x86.ActiveCfg = Debug|x86
		{B99E2215-0366-4CC5-866E-675867FF38E7}.Debug|x86.Build.0 = Debug|x86
		{B99E2215-0366-4CC5-866E-675867FF38E7}.Release|Any CPU.ActiveCfg = Release|Any CPU
		{B99E2215-0366-4CC5-866E-675867FF38E7}.Release|Any CPU.Build.0 = Release|Any CPU
		{B99E2215-0366-4CC5-866E-675867FF38E7}.Release|Mixed Platforms.ActiveCfg = Release|x86
		{B99E2215-0366-4CC5-866E-675867FF38E7}.Release|Mixed Platforms.Build.0 = Release|x86
		{B99E2215-0366-4CC5-866E-675867FF38E7}.Release|x64.ActiveCfg = Release|x64
		{B99E2215-0366-4CC5-866E-675867FF38E7}.Release|x64.Build.0 = Release|x64
		{B99E2215-0366-4CC5-866E-675867FF38E7}.Release|x86.ActiveCfg = Release|x86
		{B99E2215-0366-4CC5-866E-675867FF38E7}.Release|x86.Build.0 = Release|x86
		{4F7F8260-6369-4968-B076-F4C98834181B}.Debug|Any CPU.ActiveCfg = Debug|Any CPU
		{4F7F8260-6369-4968-B076-F4C98834181B}.Debug|Any CPU.Build.0 = Debug|Any CPU
		{4F7F8260-6369-4968-B076-F4C98834181B}.Debug|Mixed Platforms.ActiveCfg = Debug|x86
		{4F7F8260-6369-4968-B076-F4C98834181B}.Debug|Mixed Platforms.Build.0 = Debug|x86
		{4F7F8260-6369-4968-B076-F4C98834181B}.Debug|x64.ActiveCfg = Debug|x64
		{4F7F8260-6369-4968-B076-F4C98834181B}.Debug|x64.Build.0 = Debug|x64
		{4F7F8260-6369-4968-B076-F4C98834181B}.Debug|x86.ActiveCfg = Debug|x86
		{4F7F8260-6369-4968-B076-F4C98834181B}.Debug|x86.Build.0 = Debug|x86
		{4F7F8260-6369-4968-B076-F4C98834181B}.Release|Any CPU.ActiveCfg = Release|Any CPU
		{4F7F8260-6369-4968-B076-F4C98834181B}.Release|Any CPU.Build.0 = Release|Any CPU
		{4F7F8260-6369-4968-B076-F4C98834181B}.Release|Mixed Platforms.ActiveCfg = Release|x86
		{4F7F8260-6369-4968-B076-F4C98834181B}.Release|Mixed Platforms.Build.0 = Release|x86
		{4F7F8260-6369-4968-B076-F4C98834181B}.Release|x64.ActiveCfg = Release|x64
		{4F7F8260-6369-4968-B076-F4C98834181B}.Release|x64.Build.0 = Release|x64
		{4F7F8260-6369-4968-B076-F4C98834181B}.Release|x86.ActiveCfg = Release|x86
		{4F7F8260-6369-4968-B076-F4C98834181B}.Release|x86.Build.0 = Release|x86
		{C6518410-ED5F-4F61-AD92-BE1DE3C88294}.Debug|Any CPU.ActiveCfg = Debug|Any CPU
		{C6518410-ED5F-4F61-AD92-BE1DE3C88294}.Debug|Any CPU.Build.0 = Debug|Any CPU
		{C6518410-ED5F-4F61-AD92-BE1DE3C88294}.Debug|Mixed Platforms.ActiveCfg = Debug|x86
		{C6518410-ED5F-4F61-AD92-BE1DE3C88294}.Debug|Mixed Platforms.Build.0 = Debug|x86
		{C6518410-ED5F-4F61-AD92-BE1DE3C88294}.Debug|x64.ActiveCfg = Debug|x86
		{C6518410-ED5F-4F61-AD92-BE1DE3C88294}.Debug|x86.ActiveCfg = Debug|x86
		{C6518410-ED5F-4F61-AD92-BE1DE3C88294}.Debug|x86.Build.0 = Debug|x86
		{C6518410-ED5F-4F61-AD92-BE1DE3C88294}.Release|Any CPU.ActiveCfg = Release|Any CPU
		{C6518410-ED5F-4F61-AD92-BE1DE3C88294}.Release|Any CPU.Build.0 = Release|Any CPU
		{C6518410-ED5F-4F61-AD92-BE1DE3C88294}.Release|Mixed Platforms.ActiveCfg = Release|x86
		{C6518410-ED5F-4F61-AD92-BE1DE3C88294}.Release|Mixed Platforms.Build.0 = Release|x86
		{C6518410-ED5F-4F61-AD92-BE1DE3C88294}.Release|x64.ActiveCfg = Release|x86
		{C6518410-ED5F-4F61-AD92-BE1DE3C88294}.Release|x86.ActiveCfg = Release|x86
		{C6518410-ED5F-4F61-AD92-BE1DE3C88294}.Release|x86.Build.0 = Release|x86
	EndGlobalSection
	GlobalSection(SolutionProperties) = preSolution
		HideSolutionNode = FALSE
	EndGlobalSection
	GlobalSection(ExtensibilityGlobals) = postSolution
		SolutionGuid = {8785CE3B-5CF1-4037-9E81-2D2BFED0F4B0}
	EndGlobalSection
	GlobalSection(TestCaseManagementSettings) = postSolution
		CategoryFile = Mage.vsmdi
	EndGlobalSection
EndGlobal
